{
  "name": "uploader",
  "version": "1.0.0",
  "lockfileVersion": 1,
  "requires": true,
  "dependencies": {
    "cloud-storage-resume-signed": {
      "version": "0.1.7",
      "resolved": "https://registry.npmjs.org/cloud-storage-resume-signed/-/cloud-storage-resume-signed-0.1.7.tgz",
      "integrity": "sha512-xKpFMHOmBpx/wT7u5llxH+SNE2hUZnr7N1LefJWY6dincymeXAwIvJ8SggGKJWdFOxlrkUibL64pnoXwq07PSg==",
      "requires": {
        "node-blob": "0.0.2",
        "nodefilereader": "^0.10.4",
        "q": "^1.5.1",
        "spark-md5": "^3.0.0",
        "xmldom": "^0.1.27",
        "xmlhttprequest": "^1.8.0"
      }
    },
    "node-blob": {
      "version": "0.0.2",
      "resolved": "https://registry.npmjs.org/node-blob/-/node-blob-0.0.2.tgz",
      "integrity": "sha512-82wiGzMht96gPQDUYaZBdZEVvYD9aEhU6Bt9KLCr4rADZPRd7dQVY2Yj0ZG/1vp4DhVkL49nJT/M3CiMTAt3ag=="
    },
    "nodefilereader": {
      "version": "0.10.4",
      "resolved": "https://registry.npmjs.org/nodefilereader/-/nodefilereader-0.10.4.tgz",
      "integrity": "sha512-WmTRg+SeBxjDndLJifGsuTtLhiYTGe/gHHbZvZFagZu8qZCIqM3B9lm885xZjmWMG/Owy1wlgyJPfQSSwApl2A=="
    },
    "q": {
      "version": "1.5.1",
      "resolved": "https://registry.npmjs.org/q/-/q-1.5.1.tgz",
      "integrity": "sha1-fjL3W0E4EpHQRhHxvxQQmsAGUdc="
    },
    "spark-md5": {
      "version": "3.0.0",
      "resolved": "https://registry.npmjs.org/spark-md5/-/spark-md5-3.0.0.tgz",
      "integrity": "sha1-NyIifFTi+vJLHcbZM8wUTm9xv+8="
    },
    "xmldom": {
      "version": "0.1.27",
      "resolved": "https://registry.npmjs.org/xmldom/-/xmldom-0.1.27.tgz",
      "integrity": "sha1-1QH5ezvbQDr4757MIFcxh6rawOk="
    },
    "xmlhttprequest": {
      "version": "1.8.0",
      "resolved": "https://registry.npmjs.org/xmlhttprequest/-/xmlhttprequest-1.8.0.tgz",
      "integrity": "sha1-Z/4HXFwk/vOfnWX197f+dRcZaPw="
    }
  }
}
